// !$*UTF8*$!
{
	archiveVersion = 1;
	classes = {
	};
	objectVersion = 50;
	objects = {

/* Begin PBXBuildFile section */
		2291B5BE2443AD08001ED764 /* SVGtoBezierPath.swift in Sources */ = {isa = PBXBuildFile; fileRef = 2291B5BD2443AD08001ED764 /* SVGtoBezierPath.swift */; };
		2291B5C02443AD70001ED764 /* SVGStrings.swift in Sources */ = {isa = PBXBuildFile; fileRef = 2291B5BF2443AD70001ED764 /* SVGStrings.swift */; };
		2291B5C22443BEAE001ED764 /* UIViewViewController+ContextMenu.swift in Sources */ = {isa = PBXBuildFile; fileRef = 2291B5C12443BEAE001ED764 /* UIViewViewController+ContextMenu.swift */; };
		22D63FFA2442BDB500C44CD1 /* AppDelegate.swift in Sources */ = {isa = PBXBuildFile; fileRef = 22D63FF92442BDB500C44CD1 /* AppDelegate.swift */; };
		22D63FFC2442BDB500C44CD1 /* SceneDelegate.swift in Sources */ = {isa = PBXBuildFile; fileRef = 22D63FFB2442BDB500C44CD1 /* SceneDelegate.swift */; };
		22D63FFE2442BDB500C44CD1 /* UIButtonViewController.swift in Sources */ = {isa = PBXBuildFile; fileRef = 22D63FFD2442BDB500C44CD1 /* UIButtonViewController.swift */; };
		22D640002442BDB500C44CD1 /* UIViewViewController.swift in Sources */ = {isa = PBXBuildFile; fileRef = 22D63FFF2442BDB500C44CD1 /* UIViewViewController.swift */; };
		22D640032442BDB500C44CD1 /* Main.storyboard in Resources */ = {isa = PBXBuildFile; fileRef = 22D640012442BDB500C44CD1 /* Main.storyboard */; };
		22D640052442BDB800C44CD1 /* Assets.xcassets in Resources */ = {isa = PBXBuildFile; fileRef = 22D640042442BDB800C44CD1 /* Assets.xcassets */; };
		22D640082442BDB800C44CD1 /* LaunchScreen.storyboard in Resources */ = {isa = PBXBuildFile; fileRef = 22D640062442BDB800C44CD1 /* LaunchScreen.storyboard */; };
		22D640102442C38400C44CD1 /* MiscViewController.swift in Sources */ = {isa = PBXBuildFile; fileRef = 22D6400F2442C38400C44CD1 /* MiscViewController.swift */; };
/* End PBXBuildFile section */

/* Begin PBXFileReference section */
		2291B5BD2443AD08001ED764 /* SVGtoBezierPath.swift */ = {isa = PBXFileReference; lastKnownFileType = sourcecode.swift; path = SVGtoBezierPath.swift; sourceTree = "<group>"; };
		2291B5BF2443AD70001ED764 /* SVGStrings.swift */ = {isa = PBXFileReference; lastKnownFileType = sourcecode.swift; path = SVGStrings.swift; sourceTree = "<group>"; };
		2291B5C12443BEAE001ED764 /* UIViewViewController+ContextMenu.swift */ = {isa = PBXFileReference; lastKnownFileType = sourcecode.swift; path = "UIViewViewController+ContextMenu.swift"; sourceTree = "<group>"; };
		22D63FF62442BDB500C44CD1 /* PointerInteraction.app */ = {isa = PBXFileReference; explicitFileType = wrapper.application; includeInIndex = 0; path = PointerInteraction.app; sourceTree = BUILT_PRODUCTS_DIR; };
		22D63FF92442BDB500C44CD1 /* AppDelegate.swift */ = {isa = PBXFileReference; lastKnownFileType = sourcecode.swift; path = AppDelegate.swift; sourceTree = "<group>"; };
		22D63FFB2442BDB500C44CD1 /* SceneDelegate.swift */ = {isa = PBXFileReference; lastKnownFileType = sourcecode.swift; path = SceneDelegate.swift; sourceTree = "<group>"; };
		22D63FFD2442BDB500C44CD1 /* UIButtonViewController.swift */ = {isa = PBXFileReference; lastKnownFileType = sourcecode.swift; path = UIButtonViewController.swift; sourceTree = "<group>"; };
		22D63FFF2442BDB500C44CD1 /* UIViewViewController.swift */ = {isa = PBXFileReference; lastKnownFileType = sourcecode.swift; path = UIViewViewController.swift; sourceTree = "<group>"; };
		22D640022442BDB500C44CD1 /* Base */ = {isa = PBXFileReference; lastKnownFileType = file.storyboard; name = Base; path = Base.lproj/Main.storyboard; sourceTree = "<group>"; };
		22D640042442BDB800C44CD1 /* Assets.xcassets */ = {isa = PBXFileReference; lastKnownFileType = folder.assetcatalog; path = Assets.xcassets; sourceTree = "<group>"; };
		22D640072442BDB800C44CD1 /* Base */ = {isa = PBXFileReference; lastKnownFileType = file.storyboard; name = Base; path = Base.lproj/LaunchScreen.storyboard; sourceTree = "<group>"; };
		22D640092442BDB800C44CD1 /* Info.plist */ = {isa = PBXFileReference; lastKnownFileType = text.plist.xml; path = Info.plist; sourceTree = "<group>"; };
		22D6400F2442C38400C44CD1 /* MiscViewController.swift */ = {isa = PBXFileReference; lastKnownFileType = sourcecode.swift; path = MiscViewController.swift; sourceTree = "<group>"; };
/* End PBXFileReference section */

/* Begin PBXFrameworksBuildPhase section */
		22D63FF32442BDB500C44CD1 /* Frameworks */ = {
			isa = PBXFrameworksBuildPhase;
			buildActionMask = 2147483647;
			files = (
			);
			runOnlyForDeploymentPostprocessing = 0;
		};
/* End PBXFrameworksBuildPhase section */

/* Begin PBXGroup section */
		2291B5C32443C2B7001ED764 /* SVG Support */ = {
			isa = PBXGroup;
			children = (
				2291B5BD2443AD08001ED764 /* SVGtoBezierPath.swift */,
				2291B5BF2443AD70001ED764 /* SVGStrings.swift */,
			);
			path = "SVG Support";
			sourceTree = "<group>";
		};
		22D63FED2442BDB500C44CD1 = {
			isa = PBXGroup;
			children = (
				22D63FF82442BDB500C44CD1 /* PointerInteraction */,
				22D63FF72442BDB500C44CD1 /* Products */,
			);
			sourceTree = "<group>";
		};
		22D63FF72442BDB500C44CD1 /* Products */ = {
			isa = PBXGroup;
			children = (
				22D63FF62442BDB500C44CD1 /* PointerInteraction.app */,
			);
			name = Products;
			sourceTree = "<group>";
		};
		22D63FF82442BDB500C44CD1 /* PointerInteraction */ = {
			isa = PBXGroup;
			children = (
				22D63FF92442BDB500C44CD1 /* AppDelegate.swift */,
				22D63FFB2442BDB500C44CD1 /* SceneDelegate.swift */,
				22D63FFD2442BDB500C44CD1 /* UIButtonViewController.swift */,
				22D63FFF2442BDB500C44CD1 /* UIViewViewController.swift */,
				2291B5C12443BEAE001ED764 /* UIViewViewController+ContextMenu.swift */,
				22D6400F2442C38400C44CD1 /* MiscViewController.swift */,
				2291B5C32443C2B7001ED764 /* SVG Support */,
				22D640012442BDB500C44CD1 /* Main.storyboard */,
				22D640042442BDB800C44CD1 /* Assets.xcassets */,
				22D640062442BDB800C44CD1 /* LaunchScreen.storyboard */,
				22D640092442BDB800C44CD1 /* Info.plist */,
			);
			path = PointerInteraction;
			sourceTree = "<group>";
		};
/* End PBXGroup section */

/* Begin PBXNativeTarget section */
		22D63FF52442BDB500C44CD1 /* PointerInteraction */ = {
			isa = PBXNativeTarget;
			buildConfigurationList = 22D6400C2442BDB800C44CD1 /* Build configuration list for PBXNativeTarget "PointerInteraction" */;
			buildPhases = (
				22D63FF22442BDB500C44CD1 /* Sources */,
				22D63FF32442BDB500C44CD1 /* Frameworks */,
				22D63FF42442BDB500C44CD1 /* Resources */,
			);
			buildRules = (
			);
			dependencies = (
			);
			name = PointerInteraction;
			productName = PointerInteraction;
			productReference = 22D63FF62442BDB500C44CD1 /* PointerInteraction.app */;
			productType = "com.apple.product-type.application";
		};
/* End PBXNativeTarget section */

/* Begin PBXProject section */
		22D63FEE2442BDB500C44CD1 /* Project object */ = {
			isa = PBXProject;
			attributes = {
				LastSwiftUpdateCheck = 1140;
				LastUpgradeCheck = 1140;
				ORGANIZATIONNAME = "Tim Roesner";
				TargetAttributes = {
					22D63FF52442BDB500C44CD1 = {
						CreatedOnToolsVersion = 11.4;
					};
				};
			};
			buildConfigurationList = 22D63FF12442BDB500C44CD1 /* Build configuration list for PBXProject "PointerInteraction" */;
			compatibilityVersion = "Xcode 9.3";
			developmentRegion = en;
			hasScannedForEncodings = 0;
			knownRegions = (
				en,
				Base,
			);
			mainGroup = 22D63FED2442BDB500C44CD1;
			productRefGroup = 22D63FF72442BDB500C44CD1 /* Products */;
			projectDirPath = "";
			projectRoot = "";
			targets = (
				22D63FF52442BDB500C44CD1 /* PointerInteraction */,
			);
		};
/* End PBXProject section */

/* Begin PBXResourcesBuildPhase section */
		22D63FF42442BDB500C44CD1 /* Resources */ = {
			isa = PBXResourcesBuildPhase;
			buildActionMask = 2147483647;
			files = (
				22D640082442BDB800C44CD1 /* LaunchScreen.storyboard in Resources */,
				22D640052442BDB800C44CD1 /* Assets.xcassets in Resources */,
				22D640032442BDB500C44CD1 /* Main.storyboard in Resources */,
			);
			runOnlyForDeploymentPostprocessing = 0;
		};
/* End PBXResourcesBuildPhase section */

/* Begin PBXSourcesBuildPhase section */
		22D63FF22442BDB500C44CD1 /* Sources */ = {
			isa = PBXSourcesBuildPhase;
			buildActionMask = 2147483647;
			files = (
				2291B5C02443AD70001ED764 /* SVGStrings.swift in Sources */,
				22D640002442BDB500C44CD1 /* UIViewViewController.swift in Sources */,
				22D63FFE2442BDB500C44CD1 /* UIButtonViewController.swift in Sources */,
				22D63FFA2442BDB500C44CD1 /* AppDelegate.swift in Sources */,
				2291B5BE2443AD08001ED764 /* SVGtoBezierPath.swift in Sources */,
				22D63FFC2442BDB500C44CD1 /* SceneDelegate.swift in Sources */,
				2291B5C22443BEAE001ED764 /* UIViewViewController+ContextMenu.swift in Sources */,
				22D640102442C38400C44CD1 /* MiscViewController.swift in Sources */,
			);
			runOnlyForDeploymentPostprocessing = 0;
		};
/* End PBXSourcesBuildPhase section */

/* Begin PBXVariantGroup section */
		22D640012442BDB500C44CD1 /* Main.storyboard */ = {
			isa = PBXVariantGroup;
			children = (
				22D640022442BDB500C44CD1 /* Base */,
			);
			name = Main.storyboard;
			sourceTree = "<group>";
		};
		22D640062442BDB800C44CD1 /* LaunchScreen.storyboard */ = {
			isa = PBXVariantGroup;
			children = (
				22D640072442BDB800C44CD1 /* Base */,
			);
			name = LaunchScreen.storyboard;
			sourceTree = "<group>";
		};
/* End PBXVariantGroup section */

/* Begin XCBuildConfiguration section */
		22D6400A2442BDB800C44CD1 /* Debug */ = {
			isa = XCBuildConfiguration;
			buildSettings = {
				ALWAYS_SEARCH_USER_PATHS = NO;
				CLANG_ANALYZER_NONNULL = YES;
				CLANG_ANALYZER_NUMBER_OBJECT_CONVERSION = YES_AGGRESSIVE;
				CLANG_CXX_LANGUAGE_STANDARD = "gnu++14";
				CLANG_CXX_LIBRARY = "libc++";
				CLANG_ENABLE_MODULES = YES;
				CLANG_ENABLE_OBJC_ARC = YES;
				CLANG_ENABLE_OBJC_WEAK = YES;
				CLANG_WARN_BLOCK_CAPTURE_AUTORELEASING = YES;
				CLANG_WARN_BOOL_CONVERSION = YES;
				CLANG_WARN_COMMA = YES;
				CLANG_WARN_CONSTANT_CONVERSION = YES;
				CLANG_WARN_DEPRECATED_OBJC_IMPLEMENTATIONS = YES;
				CLANG_WARN_DIRECT_OBJC_ISA_USAGE = YES_ERROR;
				CLANG_WARN_DOCUMENTATION_COMMENTS = YES;
				CLANG_WARN_EMPTY_BODY = YES;
				CLANG_WARN_ENUM_CONVERSION = YES;
				CLANG_WARN_INFINITE_RECURSION = YES;
				CLANG_WARN_INT_CONVERSION = YES;
				CLANG_WARN_NON_LITERAL_NULL_CONVERSION = YES;
				CLANG_WARN_OBJC_IMPLICIT_RETAIN_SELF = YES;
				CLANG_WARN_OBJC_LITERAL_CONVERSION = YES;
				CLANG_WARN_OBJC_ROOT_CLASS = YES_ERROR;
				CLANG_WARN_RANGE_LOOP_ANALYSIS = YES;
				CLANG_WARN_STRICT_PROTOTYPES = YES;
				CLANG_WARN_SUSPICIOUS_MOVE = YES;
				CLANG_WARN_UNGUARDED_AVAILABILITY = YES_AGGRESSIVE;
				CLANG_WARN_UNREACHABLE_CODE = YES;
				CLANG_WARN__DUPLICATE_METHOD_MATCH = YES;
				COPY_PHASE_STRIP = NO;
				DEBUG_INFORMATION_FORMAT = dwarf;
				ENABLE_STRICT_OBJC_MSGSEND = YES;
				ENABLE_TESTABILITY = YES;
				GCC_C_LANGUAGE_STANDARD = gnu11;
				GCC_DYNAMIC_NO_PIC = NO;
				GCC_NO_COMMON_BLOCKS = YES;
				GCC_OPTIMIZATION_LEVEL = 0;
				GCC_PREPROCESSOR_DEFINITIONS = (
					"DEBUG=1",
					"$(inherited)",
				);
				GCC_WARN_64_TO_32_BIT_CONVERSION = YES;
				GCC_WARN_ABOUT_RETURN_TYPE = YES_ERROR;
				GCC_WARN_UNDECLARED_SELECTOR = YES;
				GCC_WARN_UNINITIALIZED_AUTOS = YES_AGGRESSIVE;
				GCC_WARN_UNUSED_FUNCTION = YES;
				GCC_WARN_UNUSED_VARIABLE = YES;
				IPHONEOS_DEPLOYMENT_TARGET = 13.4;
				MTL_ENABLE_DEBUG_INFO = INCLUDE_SOURCE;
				MTL_FAST_MATH = YES;
				ONLY_ACTIVE_ARCH = YES;
				SDKROOT = iphoneos;
				SWIFT_ACTIVE_COMPILATION_CONDITIONS = DEBUG;
				SWIFT_OPTIMIZATION_LEVEL = "-Onone";
			};
			name = Debug;
		};
		22D6400B2442BDB800C44CD1 /* Release */ = {
			isa = XCBuildConfiguration;
			buildSettings = {
				ALWAYS_SEARCH_USER_PATHS = NO;
				CLANG_ANALYZER_NONNULL = YES;
				CLANG_ANALYZER_NUMBER_OBJECT_CONVERSION = YES_AGGRESSIVE;
				CLANG_CXX_LANGUAGE_STANDARD = "gnu++14";
				CLANG_CXX_LIBRARY = "libc++";
				CLANG_ENABLE_MODULES = YES;
				CLANG_ENABLE_OBJC_ARC = YES;
				CLANG_ENABLE_OBJC_WEAK = YES;
				CLANG_WARN_BLOCK_CAPTURE_AUTORELEASING = YES;
				CLANG_WARN_BOOL_CONVERSION = YES;
				CLANG_WARN_COMMA = YES;
				CLANG_WARN_CONSTANT_CONVERSION = YES;
				CLANG_WARN_DEPRECATED_OBJC_IMPLEMENTATIONS = YES;
				CLANG_WARN_DIRECT_OBJC_ISA_USAGE = YES_ERROR;
				CLANG_WARN_DOCUMENTATION_COMMENTS = YES;
				CLANG_WARN_EMPTY_BODY = YES;
				CLANG_WARN_ENUM_CONVERSION = YES;
				CLANG_WARN_INFINITE_RECURSION = YES;
				CLANG_WARN_INT_CONVERSION = YES;
				CLANG_WARN_NON_LITERAL_NULL_CONVERSION = YES;
				CLANG_WARN_OBJC_IMPLICIT_RETAIN_SELF = YES;
				CLANG_WARN_OBJC_LITERAL_CONVERSION = YES;
				CLANG_WARN_OBJC_ROOT_CLASS = YES_ERROR;
				CLANG_WARN_RANGE_LOOP_ANALYSIS = YES;
				CLANG_WARN_STRICT_PROTOTYPES = YES;
				CLANG_WARN_SUSPICIOUS_MOVE = YES;
				CLANG_WARN_UNGUARDED_AVAILABILITY = YES_AGGRESSIVE;
				CLANG_WARN_UNREACHABLE_CODE = YES;
				CLANG_WARN__DUPLICATE_METHOD_MATCH = YES;
				COPY_PHASE_STRIP = NO;
				DEBUG_INFORMATION_FORMAT = "dwarf-with-dsym";
				ENABLE_NS_ASSERTIONS = NO;
				ENABLE_STRICT_OBJC_MSGSEND = YES;
				GCC_C_LANGUAGE_STANDARD = gnu11;
				GCC_NO_COMMON_BLOCKS = YES;
				GCC_WARN_64_TO_32_BIT_CONVERSION = YES;
				GCC_WARN_ABOUT_RETURN_TYPE = YES_ERROR;
				GCC_WARN_UNDECLARED_SELECTOR = YES;
				GCC_WARN_UNINITIALIZED_AUTOS = YES_AGGRESSIVE;
				GCC_WARN_UNUSED_FUNCTION = YES;
				GCC_WARN_UNUSED_VARIABLE = YES;
				IPHONEOS_DEPLOYMENT_TARGET = 13.4;
				MTL_ENABLE_DEBUG_INFO = NO;
				MTL_FAST_MATH = YES;
				SDKROOT = iphoneos;
				SWIFT_COMPILATION_MODE = wholemodule;
				SWIFT_OPTIMIZATION_LEVEL = "-O";
				VALIDATE_PRODUCT = YES;
			};
			name = Release;
		};
		22D6400D2442BDB800C44CD1 /* Debug */ = {
			isa = XCBuildConfiguration;
			buildSettings = {
				ASSETCATALOG_COMPILER_APPICON_NAME = AppIcon;
				CODE_SIGN_STYLE = Automatic;
				DEVELOPMENT_TEAM = 7BT7DC73YL;
				INFOPLIST_FILE = PointerInteraction/Info.plist;
				IPHONEOS_DEPLOYMENT_TARGET = 13.4;
				LD_RUNPATH_SEARCH_PATHS = (
					"$(inherited)",
					"@executable_path/Frameworks",
				);
				PRODUCT_BUNDLE_IDENTIFIER = com.timroesner.PointerInteraction;
				PRODUCT_NAME = "$(TARGET_NAME)";
				SWIFT_VERSION = 5.0;
				TARGETED_DEVICE_FAMILY = "1,2";
			};
			name = Debug;
		};
		22D6400E2442BDB800C44CD1 /* Release */ = {
			isa = XCBuildConfiguration;
			buildSettings = {
				ASSETCATALOG_COMPILER_APPICON_NAME = AppIcon;
				CODE_SIGN_STYLE = Automatic;
				DEVELOPMENT_TEAM = 7BT7DC73YL;
				INFOPLIST_FILE = PointerInteraction/Info.plist;
				IPHONEOS_DEPLOYMENT_TARGET = 13.4;
				LD_RUNPATH_SEARCH_PATHS = (
					"$(inherited)",
					"@executable_path/Frameworks",
				);
				PRODUCT_BUNDLE_IDENTIFIER = com.timroesner.PointerInteraction;
				PRODUCT_NAME = "$(TARGET_NAME)";
				SWIFT_VERSION = 5.0;
				TARGETED_DEVICE_FAMILY = "1,2";
			};
			name = Release;
		};
/* End XCBuildConfiguration section */

/* Begin XCConfigurationList section */
		22D63FF12442BDB500C44CD1 /* Build configuration list for PBXProject "PointerInteraction" */ = {
			isa = XCConfigurationList;
			buildConfigurations = (
				22D6400A2442BDB800C44CD1 /* Debug */,
				22D6400B2442BDB800C44CD1 /* Release */,
			);
			defaultConfigurationIsVisible = 0;
			defaultConfigurationName = Release;
		};
		22D6400C2442BDB800C44CD1 /* Build configuration list for PBXNativeTarget "PointerInteraction" */ = {
			isa = XCConfigurationList;
			buildConfigurations = (
				22D6400D2442BDB800C44CD1 /* Debug */,
				22D6400E2442BDB800C44CD1 /* Release */,
			);
			defaultConfigurationIsVisible = 0;
			defaultConfigurationName = Release;
		};
/* End XCConfigurationList section */
	};
	rootObject = 22D63FEE2442BDB500C44CD1 /* Project object */;
}
